
Microsoft Visual Studio Solution File, Format Version 12.00
# Visual Studio Version 17
VisualStudioVersion = 17.7.34024.191
MinimumVisualStudioVersion = 10.0.40219.1
Project("{FAE04EC0-301F-11D3-BF4B-00C04F79EFBC}") = "Lab2_DS", "Lab2_DS.csproj", "{C14071EE-17A5-4D6D-8C61-E884FA2CF578}"
EndProject
Global
	GlobalSection(SolutionConfigurationPlatforms) = preSolution
		Debug|Any CPU = Debug|Any CPU
		Release|Any CPU = Release|Any CPU
	EndGlobalSection
	GlobalSection(ProjectConfigurationPlatforms) = postSolution
		{C14071EE-17A5-4D6D-8C61-E884FA2CF578}.Debug|Any CPU.ActiveCfg = Debug|Any CPU
		{C14071EE-17A5-4D6D-8C61-E884FA2CF578}.Debug|Any CPU.Build.0 = Debug|Any CPU
		{C14071EE-17A5-4D6D-8C61-E884FA2CF578}.Release|Any CPU.ActiveCfg = Release|Any CPU
		{C14071EE-17A5-4D6D-8C61-E884FA2CF578}.Release|Any CPU.Build.0 = Release|Any CPU
	EndGlobalSection
	GlobalSection(SolutionProperties) = preSolution
		HideSolutionNode = FALSE
	EndGlobalSection
	GlobalSection(ExtensibilityGlobals) = postSolution
		SolutionGuid = {10AA4EE5-FBED-4502-B778-733D29F8F4C3}
	EndGlobalSection
EndGlobal
